
Microsoft Visual Studio Solution File, Format Version 11.00
# Visual Studio 2010
Project("{FAE04EC0-301F-11D3-BF4B-00C04F79EFBC}") = "Assembly-CSharp", "Assembly-CSharp.csproj", "{031C7448-695C-F386-69C7-94B1DB57065B}"
EndProject
Project("{FAE04EC0-301F-11D3-BF4B-00C04F79EFBC}") = "Assembly-CSharp-Editor", "Assembly-CSharp-Editor.csproj", "{A5B65839-D6DA-D6BD-FA1A-0D81D82403D0}"
EndProject
Global
	GlobalSection(SolutionConfigurationPlatforms) = preSolution
		Debug|Any CPU = Debug|Any CPU
		Release|Any CPU = Release|Any CPU
	EndGlobalSection
	GlobalSection(ProjectConfigurationPlatforms) = postSolution
		{031C7448-695C-F386-69C7-94B1DB57065B}.Debug|Any CPU.ActiveCfg = Debug|Any CPU
		{031C7448-695C-F386-69C7-94B1DB57065B}.Debug|Any CPU.Build.0 = Debug|Any CPU
		{031C7448-695C-F386-69C7-94B1DB57065B}.Release|Any CPU.ActiveCfg = Release|Any CPU
		{031C7448-695C-F386-69C7-94B1DB57065B}.Release|Any CPU.Build.0 = Release|Any CPU
		{A5B65839-D6DA-D6BD-FA1A-0D81D82403D0}.Debug|Any CPU.ActiveCfg = Debug|Any CPU
		{A5B65839-D6DA-D6BD-FA1A-0D81D82403D0}.Debug|Any CPU.Build.0 = Debug|Any CPU
		{A5B65839-D6DA-D6BD-FA1A-0D81D82403D0}.Release|Any CPU.ActiveCfg = Release|Any CPU
		{A5B65839-D6DA-D6BD-FA1A-0D81D82403D0}.Release|Any CPU.Build.0 = Release|Any CPU
	EndGlobalSection
	GlobalSection(SolutionProperties) = preSolution
		HideSolutionNode = FALSE
	EndGlobalSection
	GlobalSection(MonoDevelopProperties) = preSolution
		StartupItem = Assembly-CSharp.csproj
	EndGlobalSection
EndGlobal
